# THIS IS AN AUTOGENERATED FILE. DO NOT EDIT THIS FILE DIRECTLY.
# yarn lockfile v1


"@chrisoakman/chessboardjs@^1.0.0":
  version "1.0.0"
  resolved "https://registry.yarnpkg.com/@chrisoakman/chessboardjs/-/chessboardjs-1.0.0.tgz#2cfc3399bed5e9933bd8d02ea4b405e21a0b611b"
  integrity sha512-JHXHoQwwc86xW3F0YIdFcEWLnPldee5mHkqwJbOTeDh5gvNmYXyBj6AkeecDkj2WtORF959yaWYlpyZHUl3LCQ==
  dependencies:
    jquery ">=3.4.1"

chess.js@^0.11.0:
  version "0.11.0"
  resolved "https://registry.yarnpkg.com/chess.js/-/chess.js-0.11.0.tgz#e1802179b944eab5daf11b5d4bce08cdcadbeffa"
  integrity sha512-yTpi6XbRMkBtnjSvbt6wEp9Y7JzhJl1MC3GNn67q5ClyccXxCRf5cMPSUg4OblrUapg1kLHm7WzxxEVp20NK1Q==

jquery@>=3.4.1:
  version "3.5.1"
  resolved "https://registry.yarnpkg.com/jquery/-/jquery-3.5.1.tgz#d7b4d08e1bfdb86ad2f1a3d039ea17304717abb5"
  integrity sha512-XwIBPqcMn57FxfT+Go5pzySnm4KWkT1Tv7gjrpT1srtf8Weynl6R273VJ5GjkRb51IzMp5nbaPjJXMWeju2MKg==
